
Microsoft Visual Studio Solution File, Format Version 12.00
# Visual Studio Version 17
VisualStudioVersion = 17.2.32616.157
MinimumVisualStudioVersion = 10.0.40219.1
Project("{FAE04EC0-301F-11D3-BF4B-00C04F79EFBC}") = "POE_part1_CLASSLIBRARY", "POE_part1_CLASSLIBRARY\POE_part1_CLASSLIBRARY.csproj", "{2B34FBF5-AA75-451A-8CF0-490FD9F237D4}"
EndProject
Global
	GlobalSection(SolutionConfigurationPlatforms) = preSolution
		Debug|Any CPU = Debug|Any CPU
		Release|Any CPU = Release|Any CPU
	EndGlobalSection
	GlobalSection(ProjectConfigurationPlatforms) = postSolution
		{2B34FBF5-AA75-451A-8CF0-490FD9F237D4}.Debug|Any CPU.ActiveCfg = Debug|Any CPU
		{2B34FBF5-AA75-451A-8CF0-490FD9F237D4}.Debug|Any CPU.Build.0 = Debug|Any CPU
		{2B34FBF5-AA75-451A-8CF0-490FD9F237D4}.Release|Any CPU.ActiveCfg = Release|Any CPU
		{2B34FBF5-AA75-451A-8CF0-490FD9F237D4}.Release|Any CPU.Build.0 = Release|Any CPU
	EndGlobalSection
	GlobalSection(SolutionProperties) = preSolution
		HideSolutionNode = FALSE
	EndGlobalSection
	GlobalSection(ExtensibilityGlobals) = postSolution
		SolutionGuid = {B7BF2E95-E3BF-4FF4-8568-C16D3A40F801}
	EndGlobalSection
EndGlobal
